
Microsoft Visual Studio Solution File, Format Version 12.00
# Visual Studio 15
VisualStudioVersion = 15.0.28306.52
MinimumVisualStudioVersion = 10.0.40219.1
Project("{FAE04EC0-301F-11D3-BF4B-00C04F79EFBC}") = "Final Project 2", "Final Project 2\Final Project 2.csproj", "{771390F8-9C47-4AE7-8080-4CC92AFCC4DC}"
EndProject
Global
	GlobalSection(SolutionConfigurationPlatforms) = preSolution
		Debug|Any CPU = Debug|Any CPU
		Release|Any CPU = Release|Any CPU
	EndGlobalSection
	GlobalSection(ProjectConfigurationPlatforms) = postSolution
		{771390F8-9C47-4AE7-8080-4CC92AFCC4DC}.Debug|Any CPU.ActiveCfg = Debug|Any CPU
		{771390F8-9C47-4AE7-8080-4CC92AFCC4DC}.Debug|Any CPU.Build.0 = Debug|Any CPU
		{771390F8-9C47-4AE7-8080-4CC92AFCC4DC}.Release|Any CPU.ActiveCfg = Release|Any CPU
		{771390F8-9C47-4AE7-8080-4CC92AFCC4DC}.Release|Any CPU.Build.0 = Release|Any CPU
	EndGlobalSection
	GlobalSection(SolutionProperties) = preSolution
		HideSolutionNode = FALSE
	EndGlobalSection
	GlobalSection(ExtensibilityGlobals) = postSolution
		SolutionGuid = {BE86A1F5-0462-4771-8301-6103591D598A}
	EndGlobalSection
EndGlobal
